{
  "pins" : [
    {
      "identity" : "giphy-ios-sdk",
      "kind" : "remoteSourceControl",
      "location" : "https://github.com/Giphy/giphy-ios-sdk",
      "state" : {
        "revision" : "6458f772cc136dbd54fbab9c01decb959be58323",
        "version" : "2.2.4"
      }
    },
    {
      "identity" : "libwebp-xcode",
      "kind" : "remoteSourceControl",
      "location" : "https://github.com/SDWebImage/libwebp-Xcode",
      "state" : {
        "revision" : "4f52fc9b29600a03de6e05af16df0d694cb44301",
        "version" : "1.2.4"
      }
    },
    {
      "identity" : "webrtc",
      "kind" : "remoteSourceControl",
      "location" : "https://github.com/jitsi/webrtc",
      "state" : {
        "branch" : "master",
        "revision" : "a5c03e4d23f22f6d2edcbe7c281f5fb906cbdecd"
      }
    }
  ],
  "version" : 2
}
